// !$*UTF8*$!
{
	archiveVersion = 1;
	classes = {
	};
	objectVersion = 51;
	objects = {

/* Begin PBXBuildFile section */
		4AE9D63222764B4B0094177A /* AppDelegate.swift in Sources */ = {isa = PBXBuildFile; fileRef = 4AE9D63122764B4B0094177A /* AppDelegate.swift */; };
		4AE9D63422764B4B0094177A /* ViewController.swift in Sources */ = {isa = PBXBuildFile; fileRef = 4AE9D63322764B4B0094177A /* ViewController.swift */; };
		4AE9D63722764B4B0094177A /* Main.storyboard in Resources */ = {isa = PBXBuildFile; fileRef = 4AE9D63522764B4B0094177A /* Main.storyboard */; };
		4AE9D63922764B4C0094177A /* Assets.xcassets in Resources */ = {isa = PBXBuildFile; fileRef = 4AE9D63822764B4C0094177A /* Assets.xcassets */; };
		4AE9D63C22764B4D0094177A /* LaunchScreen.storyboard in Resources */ = {isa = PBXBuildFile; fileRef = 4AE9D63A22764B4D0094177A /* LaunchScreen.storyboard */; };
		4AE9D659227666400094177A /* NewsModelTests.swift in Sources */ = {isa = PBXBuildFile; fileRef = 4AE9D658227666400094177A /* NewsModelTests.swift */; };
		4AE9D65B22766A900094177A /* News.swift in Sources */ = {isa = PBXBuildFile; fileRef = 4AE9D65A22766A900094177A /* News.swift */; };
		4AE9D6642276CA5D0094177A /* NewsDataServiceTests.swift in Sources */ = {isa = PBXBuildFile; fileRef = 4AE9D6632276CA5D0094177A /* NewsDataServiceTests.swift */; };
		4AE9D6662276E4C80094177A /* NewsDataService.swift in Sources */ = {isa = PBXBuildFile; fileRef = 4AE9D6652276E4C80094177A /* NewsDataService.swift */; };
		4AE9D6682276F5EA0094177A /* MockURLSession.swift in Sources */ = {isa = PBXBuildFile; fileRef = 4AE9D6672276F5EA0094177A /* MockURLSession.swift */; };
		4AE9D66A22779B7C0094177A /* MockURLSessionDataTask.swift in Sources */ = {isa = PBXBuildFile; fileRef = 4AE9D66922779B7C0094177A /* MockURLSessionDataTask.swift */; };
		4AE9D674227938E70094177A /* NewsTableViewController.swift in Sources */ = {isa = PBXBuildFile; fileRef = 4AE9D673227938E70094177A /* NewsTableViewController.swift */; };
		4AE9D676227939A10094177A /* NewsTableViewControllerTests.swift in Sources */ = {isa = PBXBuildFile; fileRef = 4AE9D675227939A10094177A /* NewsTableViewControllerTests.swift */; };
		4AE9D67B227962410094177A /* NewsPresenter.swift in Sources */ = {isa = PBXBuildFile; fileRef = 4AE9D67A227962410094177A /* NewsPresenter.swift */; };
		4AE9D67D227982BC0094177A /* NewsTableViewCell.swift in Sources */ = {isa = PBXBuildFile; fileRef = 4AE9D67C227982BC0094177A /* NewsTableViewCell.swift */; };
		5536C225C01263C53A8C594F /* Pods_DemoAppTests.framework in Frameworks */ = {isa = PBXBuildFile; fileRef = 4394CF758E0D00BA05416680 /* Pods_DemoAppTests.framework */; };
		DFDEF854D8BBA7C9B537A70F /* Pods_DemoApp.framework in Frameworks */ = {isa = PBXBuildFile; fileRef = 3839783C4E462BEBE72EDA81 /* Pods_DemoApp.framework */; };
/* End PBXBuildFile section */

/* Begin PBXContainerItemProxy section */
		4AE9D64322764B4D0094177A /* PBXContainerItemProxy */ = {
			isa = PBXContainerItemProxy;
			containerPortal = 4AE9D62622764B4B0094177A /* Project object */;
			proxyType = 1;
			remoteGlobalIDString = 4AE9D62D22764B4B0094177A;
			remoteInfo = DemoApp;
		};
/* End PBXContainerItemProxy section */

/* Begin PBXFileReference section */
		2F7DC5E890A8359D009EB8E2 /* Pods-DemoApp.debug.xcconfig */ = {isa = PBXFileReference; includeInIndex = 1; lastKnownFileType = text.xcconfig; name = "Pods-DemoApp.debug.xcconfig"; path = "Target Support Files/Pods-DemoApp/Pods-DemoApp.debug.xcconfig"; sourceTree = "<group>"; };
		3839783C4E462BEBE72EDA81 /* Pods_DemoApp.framework */ = {isa = PBXFileReference; explicitFileType = wrapper.framework; includeInIndex = 0; path = Pods_DemoApp.framework; sourceTree = BUILT_PRODUCTS_DIR; };
		3C5868C93262FFFBC50D6FB7 /* Pods-DemoAppTests.release.xcconfig */ = {isa = PBXFileReference; includeInIndex = 1; lastKnownFileType = text.xcconfig; name = "Pods-DemoAppTests.release.xcconfig"; path = "Target Support Files/Pods-DemoAppTests/Pods-DemoAppTests.release.xcconfig"; sourceTree = "<group>"; };
		4394CF758E0D00BA05416680 /* Pods_DemoAppTests.framework */ = {isa = PBXFileReference; explicitFileType = wrapper.framework; includeInIndex = 0; path = Pods_DemoAppTests.framework; sourceTree = BUILT_PRODUCTS_DIR; };
		4AE9D62E22764B4B0094177A /* DemoApp.app */ = {isa = PBXFileReference; explicitFileType = wrapper.application; includeInIndex = 0; path = DemoApp.app; sourceTree = BUILT_PRODUCTS_DIR; };
		4AE9D63122764B4B0094177A /* AppDelegate.swift */ = {isa = PBXFileReference; lastKnownFileType = sourcecode.swift; path = AppDelegate.swift; sourceTree = "<group>"; };
		4AE9D63322764B4B0094177A /* ViewController.swift */ = {isa = PBXFileReference; lastKnownFileType = sourcecode.swift; path = ViewController.swift; sourceTree = "<group>"; };
		4AE9D63622764B4B0094177A /* Base */ = {isa = PBXFileReference; lastKnownFileType = file.storyboard; name = Base; path = Base.lproj/Main.storyboard; sourceTree = "<group>"; };
		4AE9D63822764B4C0094177A /* Assets.xcassets */ = {isa = PBXFileReference; lastKnownFileType = folder.assetcatalog; path = Assets.xcassets; sourceTree = "<group>"; };
		4AE9D63B22764B4D0094177A /* Base */ = {isa = PBXFileReference; lastKnownFileType = file.storyboard; name = Base; path = Base.lproj/LaunchScreen.storyboard; sourceTree = "<group>"; };
		4AE9D63D22764B4D0094177A /* Info.plist */ = {isa = PBXFileReference; lastKnownFileType = text.plist.xml; path = Info.plist; sourceTree = "<group>"; };
		4AE9D64222764B4D0094177A /* DemoAppTests.xctest */ = {isa = PBXFileReference; explicitFileType = wrapper.cfbundle; includeInIndex = 0; path = DemoAppTests.xctest; sourceTree = BUILT_PRODUCTS_DIR; };
		4AE9D64822764B4D0094177A /* Info.plist */ = {isa = PBXFileReference; lastKnownFileType = text.plist.xml; path = Info.plist; sourceTree = "<group>"; };
		4AE9D658227666400094177A /* NewsModelTests.swift */ = {isa = PBXFileReference; lastKnownFileType = sourcecode.swift; path = NewsModelTests.swift; sourceTree = "<group>"; };
		4AE9D65A22766A900094177A /* News.swift */ = {isa = PBXFileReference; lastKnownFileType = sourcecode.swift; path = News.swift; sourceTree = "<group>"; };
		4AE9D6632276CA5D0094177A /* NewsDataServiceTests.swift */ = {isa = PBXFileReference; lastKnownFileType = sourcecode.swift; path = NewsDataServiceTests.swift; sourceTree = "<group>"; };
		4AE9D6652276E4C80094177A /* NewsDataService.swift */ = {isa = PBXFileReference; lastKnownFileType = sourcecode.swift; path = NewsDataService.swift; sourceTree = "<group>"; };
		4AE9D6672276F5EA0094177A /* MockURLSession.swift */ = {isa = PBXFileReference; lastKnownFileType = sourcecode.swift; path = MockURLSession.swift; sourceTree = "<group>"; };
		4AE9D66922779B7C0094177A /* MockURLSessionDataTask.swift */ = {isa = PBXFileReference; lastKnownFileType = sourcecode.swift; path = MockURLSessionDataTask.swift; sourceTree = "<group>"; };
		4AE9D673227938E70094177A /* NewsTableViewController.swift */ = {isa = PBXFileReference; lastKnownFileType = sourcecode.swift; path = NewsTableViewController.swift; sourceTree = "<group>"; };
		4AE9D675227939A10094177A /* NewsTableViewControllerTests.swift */ = {isa = PBXFileReference; lastKnownFileType = sourcecode.swift; path = NewsTableViewControllerTests.swift; sourceTree = "<group>"; };
		4AE9D67A227962410094177A /* NewsPresenter.swift */ = {isa = PBXFileReference; lastKnownFileType = sourcecode.swift; path = NewsPresenter.swift; sourceTree = "<group>"; };
		4AE9D67C227982BC0094177A /* NewsTableViewCell.swift */ = {isa = PBXFileReference; lastKnownFileType = sourcecode.swift; path = NewsTableViewCell.swift; sourceTree = "<group>"; };
		A2718CB34DDCA0F32CE5A023 /* Pods-DemoAppTests.debug.xcconfig */ = {isa = PBXFileReference; includeInIndex = 1; lastKnownFileType = text.xcconfig; name = "Pods-DemoAppTests.debug.xcconfig"; path = "Target Support Files/Pods-DemoAppTests/Pods-DemoAppTests.debug.xcconfig"; sourceTree = "<group>"; };
		E194A2253C6B0BEC46BE1B78 /* Pods-DemoApp.release.xcconfig */ = {isa = PBXFileReference; includeInIndex = 1; lastKnownFileType = text.xcconfig; name = "Pods-DemoApp.release.xcconfig"; path = "Target Support Files/Pods-DemoApp/Pods-DemoApp.release.xcconfig"; sourceTree = "<group>"; };
/* End PBXFileReference section */

/* Begin PBXFrameworksBuildPhase section */
		4AE9D62B22764B4B0094177A /* Frameworks */ = {
			isa = PBXFrameworksBuildPhase;
			buildActionMask = 2147483647;
			files = (
				DFDEF854D8BBA7C9B537A70F /* Pods_DemoApp.framework in Frameworks */,
			);
			runOnlyForDeploymentPostprocessing = 0;
		};
		4AE9D63F22764B4D0094177A /* Frameworks */ = {
			isa = PBXFrameworksBuildPhase;
			buildActionMask = 2147483647;
			files = (
				5536C225C01263C53A8C594F /* Pods_DemoAppTests.framework in Frameworks */,
			);
			runOnlyForDeploymentPostprocessing = 0;
		};
/* End PBXFrameworksBuildPhase section */

/* Begin PBXGroup section */
		447793BEE191629D7EFBF03B /* Pods */ = {
			isa = PBXGroup;
			children = (
				2F7DC5E890A8359D009EB8E2 /* Pods-DemoApp.debug.xcconfig */,
				E194A2253C6B0BEC46BE1B78 /* Pods-DemoApp.release.xcconfig */,
				A2718CB34DDCA0F32CE5A023 /* Pods-DemoAppTests.debug.xcconfig */,
				3C5868C93262FFFBC50D6FB7 /* Pods-DemoAppTests.release.xcconfig */,
			);
			path = Pods;
			sourceTree = "<group>";
		};
		4AE9D62522764B4B0094177A = {
			isa = PBXGroup;
			children = (
				4AE9D63022764B4B0094177A /* DemoApp */,
				4AE9D64522764B4D0094177A /* DemoAppTests */,
				4AE9D62F22764B4B0094177A /* Products */,
				447793BEE191629D7EFBF03B /* Pods */,
				D53EF8E2A1CE5CB85CC09E6E /* Frameworks */,
			);
			sourceTree = "<group>";
		};
		4AE9D62F22764B4B0094177A /* Products */ = {
			isa = PBXGroup;
			children = (
				4AE9D62E22764B4B0094177A /* DemoApp.app */,
				4AE9D64222764B4D0094177A /* DemoAppTests.xctest */,
			);
			name = Products;
			sourceTree = "<group>";
		};
		4AE9D63022764B4B0094177A /* DemoApp */ = {
			isa = PBXGroup;
			children = (
				4AE9D65222764DAB0094177A /* View */,
				4AE9D66B2278EB910094177A /* Presenter */,
				4AE9D65122764DA40094177A /* Model */,
				4AE9D65322764DD40094177A /* Utils */,
				4AE9D63122764B4B0094177A /* AppDelegate.swift */,
				4AE9D63322764B4B0094177A /* ViewController.swift */,
				4AE9D63522764B4B0094177A /* Main.storyboard */,
				4AE9D63822764B4C0094177A /* Assets.xcassets */,
				4AE9D63A22764B4D0094177A /* LaunchScreen.storyboard */,
				4AE9D63D22764B4D0094177A /* Info.plist */,
			);
			path = DemoApp;
			sourceTree = "<group>";
		};
		4AE9D64522764B4D0094177A /* DemoAppTests */ = {
			isa = PBXGroup;
			children = (
				4AE9D655227664E50094177A /* View */,
				4AE9D66C2278EBBF0094177A /* Presenter */,
				4AE9D654227664E00094177A /* Model */,
				4AE9D65F2276C9F80094177A /* Utils */,
				4AE9D64822764B4D0094177A /* Info.plist */,
			);
			path = DemoAppTests;
			sourceTree = "<group>";
		};
		4AE9D65122764DA40094177A /* Model */ = {
			isa = PBXGroup;
			children = (
				4AE9D65A22766A900094177A /* News.swift */,
			);
			path = Model;
			sourceTree = "<group>";
		};
		4AE9D65222764DAB0094177A /* View */ = {
			isa = PBXGroup;
			children = (
				4AE9D673227938E70094177A /* NewsTableViewController.swift */,
				4AE9D67C227982BC0094177A /* NewsTableViewCell.swift */,
			);
			path = View;
			sourceTree = "<group>";
		};
		4AE9D65322764DD40094177A /* Utils */ = {
			isa = PBXGroup;
			children = (
				4AE9D65C2276C9950094177A /* DataService */,
			);
			path = Utils;
			sourceTree = "<group>";
		};
		4AE9D654227664E00094177A /* Model */ = {
			isa = PBXGroup;
			children = (
				4AE9D658227666400094177A /* NewsModelTests.swift */,
			);
			path = Model;
			sourceTree = "<group>";
		};
		4AE9D655227664E50094177A /* View */ = {
			isa = PBXGroup;
			children = (
				4AE9D675227939A10094177A /* NewsTableViewControllerTests.swift */,
			);
			path = View;
			sourceTree = "<group>";
		};
		4AE9D65C2276C9950094177A /* DataService */ = {
			isa = PBXGroup;
			children = (
				4AE9D65E2276C9D60094177A /* Api */,
				4AE9D65D2276C9CD0094177A /* Local */,
			);
			path = DataService;
			sourceTree = "<group>";
		};
		4AE9D65D2276C9CD0094177A /* Local */ = {
			isa = PBXGroup;
			children = (
			);
			path = Local;
			sourceTree = "<group>";
		};
		4AE9D65E2276C9D60094177A /* Api */ = {
			isa = PBXGroup;
			children = (
				4AE9D6652276E4C80094177A /* NewsDataService.swift */,
			);
			path = Api;
			sourceTree = "<group>";
		};
		4AE9D65F2276C9F80094177A /* Utils */ = {
			isa = PBXGroup;
			children = (
				4AE9D6602276CA020094177A /* DataManager */,
			);
			path = Utils;
			sourceTree = "<group>";
		};
		4AE9D6602276CA020094177A /* DataManager */ = {
			isa = PBXGroup;
			children = (
				4AE9D6612276CA3E0094177A /* Api */,
				4AE9D6622276CA420094177A /* Local */,
			);
			path = DataManager;
			sourceTree = "<group>";
		};
		4AE9D6612276CA3E0094177A /* Api */ = {
			isa = PBXGroup;
			children = (
				4AE9D6632276CA5D0094177A /* NewsDataServiceTests.swift */,
				4AE9D6672276F5EA0094177A /* MockURLSession.swift */,
				4AE9D66922779B7C0094177A /* MockURLSessionDataTask.swift */,
			);
			path = Api;
			sourceTree = "<group>";
		};
		4AE9D6622276CA420094177A /* Local */ = {
			isa = PBXGroup;
			children = (
			);
			path = Local;
			sourceTree = "<group>";
		};
		4AE9D66B2278EB910094177A /* Presenter */ = {
			isa = PBXGroup;
			children = (
				4AE9D67A227962410094177A /* NewsPresenter.swift */,
			);
			path = Presenter;
			sourceTree = "<group>";
		};
		4AE9D66C2278EBBF0094177A /* Presenter */ = {
			isa = PBXGroup;
			children = (
			);
			path = Presenter;
			sourceTree = "<group>";
		};
		D53EF8E2A1CE5CB85CC09E6E /* Frameworks */ = {
			isa = PBXGroup;
			children = (
				3839783C4E462BEBE72EDA81 /* Pods_DemoApp.framework */,
				4394CF758E0D00BA05416680 /* Pods_DemoAppTests.framework */,
			);
			name = Frameworks;
			sourceTree = "<group>";
		};
/* End PBXGroup section */

/* Begin PBXNativeTarget section */
		4AE9D62D22764B4B0094177A /* DemoApp */ = {
			isa = PBXNativeTarget;
			buildConfigurationList = 4AE9D64B22764B4D0094177A /* Build configuration list for PBXNativeTarget "DemoApp" */;
			buildPhases = (
				97E8A2E8CDFC412941C5B10C /* [CP] Check Pods Manifest.lock */,
				4AE9D62A22764B4B0094177A /* Sources */,
				4AE9D62B22764B4B0094177A /* Frameworks */,
				4AE9D62C22764B4B0094177A /* Resources */,
				8402252DE101BA1FED9AE9BD /* [CP] Embed Pods Frameworks */,
			);
			buildRules = (
			);
			dependencies = (
			);
			name = DemoApp;
			productName = DemoApp;
			productReference = 4AE9D62E22764B4B0094177A /* DemoApp.app */;
			productType = "com.apple.product-type.application";
		};
		4AE9D64122764B4D0094177A /* DemoAppTests */ = {
			isa = PBXNativeTarget;
			buildConfigurationList = 4AE9D64E22764B4D0094177A /* Build configuration list for PBXNativeTarget "DemoAppTests" */;
			buildPhases = (
				4C617FB51638BE9A13295ECC /* [CP] Check Pods Manifest.lock */,
				4AE9D63E22764B4D0094177A /* Sources */,
				4AE9D63F22764B4D0094177A /* Frameworks */,
				4AE9D64022764B4D0094177A /* Resources */,
			);
			buildRules = (
			);
			dependencies = (
				4AE9D64422764B4D0094177A /* PBXTargetDependency */,
			);
			name = DemoAppTests;
			productName = DemoAppTests;
			productReference = 4AE9D64222764B4D0094177A /* DemoAppTests.xctest */;
			productType = "com.apple.product-type.bundle.unit-test";
		};
/* End PBXNativeTarget section */

/* Begin PBXProject section */
		4AE9D62622764B4B0094177A /* Project object */ = {
			isa = PBXProject;
			attributes = {
				LastSwiftUpdateCheck = 1020;
				LastUpgradeCheck = 1020;
				ORGANIZATIONNAME = Harry;
				TargetAttributes = {
					4AE9D62D22764B4B0094177A = {
						CreatedOnToolsVersion = 10.2.1;
					};
					4AE9D64122764B4D0094177A = {
						CreatedOnToolsVersion = 10.2.1;
						TestTargetID = 4AE9D62D22764B4B0094177A;
					};
				};
			};
			buildConfigurationList = 4AE9D62922764B4B0094177A /* Build configuration list for PBXProject "DemoApp" */;
			compatibilityVersion = "Xcode 9.3";
			developmentRegion = en;
			hasScannedForEncodings = 0;
			knownRegions = (
				en,
				Base,
			);
			mainGroup = 4AE9D62522764B4B0094177A;
			productRefGroup = 4AE9D62F22764B4B0094177A /* Products */;
			projectDirPath = "";
			projectRoot = "";
			targets = (
				4AE9D62D22764B4B0094177A /* DemoApp */,
				4AE9D64122764B4D0094177A /* DemoAppTests */,
			);
		};
/* End PBXProject section */

/* Begin PBXResourcesBuildPhase section */
		4AE9D62C22764B4B0094177A /* Resources */ = {
			isa = PBXResourcesBuildPhase;
			buildActionMask = 2147483647;
			files = (
				4AE9D63C22764B4D0094177A /* LaunchScreen.storyboard in Resources */,
				4AE9D63922764B4C0094177A /* Assets.xcassets in Resources */,
				4AE9D63722764B4B0094177A /* Main.storyboard in Resources */,
			);
			runOnlyForDeploymentPostprocessing = 0;
		};
		4AE9D64022764B4D0094177A /* Resources */ = {
			isa = PBXResourcesBuildPhase;
			buildActionMask = 2147483647;
			files = (
			);
			runOnlyForDeploymentPostprocessing = 0;
		};
/* End PBXResourcesBuildPhase section */

/* Begin PBXShellScriptBuildPhase section */
		4C617FB51638BE9A13295ECC /* [CP] Check Pods Manifest.lock */ = {
			isa = PBXShellScriptBuildPhase;
			buildActionMask = 2147483647;
			files = (
			);
			inputFileListPaths = (
			);
			inputPaths = (
				"${PODS_PODFILE_DIR_PATH}/Podfile.lock",
				"${PODS_ROOT}/Manifest.lock",
			);
			name = "[CP] Check Pods Manifest.lock";
			outputFileListPaths = (
			);
			outputPaths = (
				"$(DERIVED_FILE_DIR)/Pods-DemoAppTests-checkManifestLockResult.txt",
			);
			runOnlyForDeploymentPostprocessing = 0;
			shellPath = /bin/sh;
			shellScript = "diff \"${PODS_PODFILE_DIR_PATH}/Podfile.lock\" \"${PODS_ROOT}/Manifest.lock\" > /dev/null\nif [ $? != 0 ] ; then\n    # print error to STDERR\n    echo \"error: The sandbox is not in sync with the Podfile.lock. Run 'pod install' or update your CocoaPods installation.\" >&2\n    exit 1\nfi\n# This output is used by Xcode 'outputs' to avoid re-running this script phase.\necho \"SUCCESS\" > \"${SCRIPT_OUTPUT_FILE_0}\"\n";
			showEnvVarsInLog = 0;
		};
		8402252DE101BA1FED9AE9BD /* [CP] Embed Pods Frameworks */ = {
			isa = PBXShellScriptBuildPhase;
			buildActionMask = 2147483647;
			files = (
			);
			inputFileListPaths = (
				"${PODS_ROOT}/Target Support Files/Pods-DemoApp/Pods-DemoApp-frameworks-${CONFIGURATION}-input-files.xcfilelist",
			);
			name = "[CP] Embed Pods Frameworks";
			outputFileListPaths = (
				"${PODS_ROOT}/Target Support Files/Pods-DemoApp/Pods-DemoApp-frameworks-${CONFIGURATION}-output-files.xcfilelist",
			);
			runOnlyForDeploymentPostprocessing = 0;
			shellPath = /bin/sh;
			shellScript = "\"${PODS_ROOT}/Target Support Files/Pods-DemoApp/Pods-DemoApp-frameworks.sh\"\n";
			showEnvVarsInLog = 0;
		};
		97E8A2E8CDFC412941C5B10C /* [CP] Check Pods Manifest.lock */ = {
			isa = PBXShellScriptBuildPhase;
			buildActionMask = 2147483647;
			files = (
			);
			inputFileListPaths = (
			);
			inputPaths = (
				"${PODS_PODFILE_DIR_PATH}/Podfile.lock",
				"${PODS_ROOT}/Manifest.lock",
			);
			name = "[CP] Check Pods Manifest.lock";
			outputFileListPaths = (
			);
			outputPaths = (
				"$(DERIVED_FILE_DIR)/Pods-DemoApp-checkManifestLockResult.txt",
			);
			runOnlyForDeploymentPostprocessing = 0;
			shellPath = /bin/sh;
			shellScript = "diff \"${PODS_PODFILE_DIR_PATH}/Podfile.lock\" \"${PODS_ROOT}/Manifest.lock\" > /dev/null\nif [ $? != 0 ] ; then\n    # print error to STDERR\n    echo \"error: The sandbox is not in sync with the Podfile.lock. Run 'pod install' or update your CocoaPods installation.\" >&2\n    exit 1\nfi\n# This output is used by Xcode 'outputs' to avoid re-running this script phase.\necho \"SUCCESS\" > \"${SCRIPT_OUTPUT_FILE_0}\"\n";
			showEnvVarsInLog = 0;
		};
/* End PBXShellScriptBuildPhase section */

/* Begin PBXSourcesBuildPhase section */
		4AE9D62A22764B4B0094177A /* Sources */ = {
			isa = PBXSourcesBuildPhase;
			buildActionMask = 2147483647;
			files = (
				4AE9D65B22766A900094177A /* News.swift in Sources */,
				4AE9D67D227982BC0094177A /* NewsTableViewCell.swift in Sources */,
				4AE9D63422764B4B0094177A /* ViewController.swift in Sources */,
				4AE9D6662276E4C80094177A /* NewsDataService.swift in Sources */,
				4AE9D67B227962410094177A /* NewsPresenter.swift in Sources */,
				4AE9D674227938E70094177A /* NewsTableViewController.swift in Sources */,
				4AE9D63222764B4B0094177A /* AppDelegate.swift in Sources */,
			);
			runOnlyForDeploymentPostprocessing = 0;
		};
		4AE9D63E22764B4D0094177A /* Sources */ = {
			isa = PBXSourcesBuildPhase;
			buildActionMask = 2147483647;
			files = (
				4AE9D6682276F5EA0094177A /* MockURLSession.swift in Sources */,
				4AE9D659227666400094177A /* NewsModelTests.swift in Sources */,
				4AE9D66A22779B7C0094177A /* MockURLSessionDataTask.swift in Sources */,
				4AE9D6642276CA5D0094177A /* NewsDataServiceTests.swift in Sources */,
				4AE9D676227939A10094177A /* NewsTableViewControllerTests.swift in Sources */,
			);
			runOnlyForDeploymentPostprocessing = 0;
		};
/* End PBXSourcesBuildPhase section */

/* Begin PBXTargetDependency section */
		4AE9D64422764B4D0094177A /* PBXTargetDependency */ = {
			isa = PBXTargetDependency;
			target = 4AE9D62D22764B4B0094177A /* DemoApp */;
			targetProxy = 4AE9D64322764B4D0094177A /* PBXContainerItemProxy */;
		};
/* End PBXTargetDependency section */

/* Begin PBXVariantGroup section */
		4AE9D63522764B4B0094177A /* Main.storyboard */ = {
			isa = PBXVariantGroup;
			children = (
				4AE9D63622764B4B0094177A /* Base */,
			);
			name = Main.storyboard;
			sourceTree = "<group>";
		};
		4AE9D63A22764B4D0094177A /* LaunchScreen.storyboard */ = {
			isa = PBXVariantGroup;
			children = (
				4AE9D63B22764B4D0094177A /* Base */,
			);
			name = LaunchScreen.storyboard;
			sourceTree = "<group>";
		};
/* End PBXVariantGroup section */

/* Begin XCBuildConfiguration section */
		4AE9D64922764B4D0094177A /* Debug */ = {
			isa = XCBuildConfiguration;
			buildSettings = {
				ALWAYS_SEARCH_USER_PATHS = NO;
				CLANG_ANALYZER_NONNULL = YES;
				CLANG_ANALYZER_NUMBER_OBJECT_CONVERSION = YES_AGGRESSIVE;
				CLANG_CXX_LANGUAGE_STANDARD = "gnu++14";
				CLANG_CXX_LIBRARY = "libc++";
				CLANG_ENABLE_MODULES = YES;
				CLANG_ENABLE_OBJC_ARC = YES;
				CLANG_ENABLE_OBJC_WEAK = YES;
				CLANG_WARN_BLOCK_CAPTURE_AUTORELEASING = YES;
				CLANG_WARN_BOOL_CONVERSION = YES;
				CLANG_WARN_COMMA = YES;
				CLANG_WARN_CONSTANT_CONVERSION = YES;
				CLANG_WARN_DEPRECATED_OBJC_IMPLEMENTATIONS = YES;
				CLANG_WARN_DIRECT_OBJC_ISA_USAGE = YES_ERROR;
				CLANG_WARN_DOCUMENTATION_COMMENTS = YES;
				CLANG_WARN_EMPTY_BODY = YES;
				CLANG_WARN_ENUM_CONVERSION = YES;
				CLANG_WARN_INFINITE_RECURSION = YES;
				CLANG_WARN_INT_CONVERSION = YES;
				CLANG_WARN_NON_LITERAL_NULL_CONVERSION = YES;
				CLANG_WARN_OBJC_IMPLICIT_RETAIN_SELF = YES;
				CLANG_WARN_OBJC_LITERAL_CONVERSION = YES;
				CLANG_WARN_OBJC_ROOT_CLASS = YES_ERROR;
				CLANG_WARN_RANGE_LOOP_ANALYSIS = YES;
				CLANG_WARN_STRICT_PROTOTYPES = YES;
				CLANG_WARN_SUSPICIOUS_MOVE = YES;
				CLANG_WARN_UNGUARDED_AVAILABILITY = YES_AGGRESSIVE;
				CLANG_WARN_UNREACHABLE_CODE = YES;
				CLANG_WARN__DUPLICATE_METHOD_MATCH = YES;
				CODE_SIGN_IDENTITY = "iPhone Developer";
				COPY_PHASE_STRIP = NO;
				DEBUG_INFORMATION_FORMAT = dwarf;
				ENABLE_STRICT_OBJC_MSGSEND = YES;
				ENABLE_TESTABILITY = YES;
				GCC_C_LANGUAGE_STANDARD = gnu11;
				GCC_DYNAMIC_NO_PIC = NO;
				GCC_NO_COMMON_BLOCKS = YES;
				GCC_OPTIMIZATION_LEVEL = 0;
				GCC_PREPROCESSOR_DEFINITIONS = (
					"DEBUG=1",
					"$(inherited)",
				);
				GCC_WARN_64_TO_32_BIT_CONVERSION = YES;
				GCC_WARN_ABOUT_RETURN_TYPE = YES_ERROR;
				GCC_WARN_UNDECLARED_SELECTOR = YES;
				GCC_WARN_UNINITIALIZED_AUTOS = YES_AGGRESSIVE;
				GCC_WARN_UNUSED_FUNCTION = YES;
				GCC_WARN_UNUSED_VARIABLE = YES;
				IPHONEOS_DEPLOYMENT_TARGET = 12.2;
				MTL_ENABLE_DEBUG_INFO = INCLUDE_SOURCE;
				MTL_FAST_MATH = YES;
				ONLY_ACTIVE_ARCH = YES;
				SDKROOT = iphoneos;
				SWIFT_ACTIVE_COMPILATION_CONDITIONS = DEBUG;
				SWIFT_OPTIMIZATION_LEVEL = "-Onone";
			};
			name = Debug;
		};
		4AE9D64A22764B4D0094177A /* Release */ = {
			isa = XCBuildConfiguration;
			buildSettings = {
				ALWAYS_SEARCH_USER_PATHS = NO;
				CLANG_ANALYZER_NONNULL = YES;
				CLANG_ANALYZER_NUMBER_OBJECT_CONVERSION = YES_AGGRESSIVE;
				CLANG_CXX_LANGUAGE_STANDARD = "gnu++14";
				CLANG_CXX_LIBRARY = "libc++";
				CLANG_ENABLE_MODULES = YES;
				CLANG_ENABLE_OBJC_ARC = YES;
				CLANG_ENABLE_OBJC_WEAK = YES;
				CLANG_WARN_BLOCK_CAPTURE_AUTORELEASING = YES;
				CLANG_WARN_BOOL_CONVERSION = YES;
				CLANG_WARN_COMMA = YES;
				CLANG_WARN_CONSTANT_CONVERSION = YES;
				CLANG_WARN_DEPRECATED_OBJC_IMPLEMENTATIONS = YES;
				CLANG_WARN_DIRECT_OBJC_ISA_USAGE = YES_ERROR;
				CLANG_WARN_DOCUMENTATION_COMMENTS = YES;
				CLANG_WARN_EMPTY_BODY = YES;
				CLANG_WARN_ENUM_CONVERSION = YES;
				CLANG_WARN_INFINITE_RECURSION = YES;
				CLANG_WARN_INT_CONVERSION = YES;
				CLANG_WARN_NON_LITERAL_NULL_CONVERSION = YES;
				CLANG_WARN_OBJC_IMPLICIT_RETAIN_SELF = YES;
				CLANG_WARN_OBJC_LITERAL_CONVERSION = YES;
				CLANG_WARN_OBJC_ROOT_CLASS = YES_ERROR;
				CLANG_WARN_RANGE_LOOP_ANALYSIS = YES;
				CLANG_WARN_STRICT_PROTOTYPES = YES;
				CLANG_WARN_SUSPICIOUS_MOVE = YES;
				CLANG_WARN_UNGUARDED_AVAILABILITY = YES_AGGRESSIVE;
				CLANG_WARN_UNREACHABLE_CODE = YES;
				CLANG_WARN__DUPLICATE_METHOD_MATCH = YES;
				CODE_SIGN_IDENTITY = "iPhone Developer";
				COPY_PHASE_STRIP = NO;
				DEBUG_INFORMATION_FORMAT = "dwarf-with-dsym";
				ENABLE_NS_ASSERTIONS = NO;
				ENABLE_STRICT_OBJC_MSGSEND = YES;
				GCC_C_LANGUAGE_STANDARD = gnu11;
				GCC_NO_COMMON_BLOCKS = YES;
				GCC_WARN_64_TO_32_BIT_CONVERSION = YES;
				GCC_WARN_ABOUT_RETURN_TYPE = YES_ERROR;
				GCC_WARN_UNDECLARED_SELECTOR = YES;
				GCC_WARN_UNINITIALIZED_AUTOS = YES_AGGRESSIVE;
				GCC_WARN_UNUSED_FUNCTION = YES;
				GCC_WARN_UNUSED_VARIABLE = YES;
				IPHONEOS_DEPLOYMENT_TARGET = 12.2;
				MTL_ENABLE_DEBUG_INFO = NO;
				MTL_FAST_MATH = YES;
				SDKROOT = iphoneos;
				SWIFT_COMPILATION_MODE = wholemodule;
				SWIFT_OPTIMIZATION_LEVEL = "-O";
				VALIDATE_PRODUCT = YES;
			};
			name = Release;
		};
		4AE9D64C22764B4D0094177A /* Debug */ = {
			isa = XCBuildConfiguration;
			baseConfigurationReference = 2F7DC5E890A8359D009EB8E2 /* Pods-DemoApp.debug.xcconfig */;
			buildSettings = {
				ASSETCATALOG_COMPILER_APPICON_NAME = AppIcon;
				CODE_SIGN_STYLE = Automatic;
				DEVELOPMENT_TEAM = HCCWVL286N;
				INFOPLIST_FILE = DemoApp/Info.plist;
				LD_RUNPATH_SEARCH_PATHS = (
					"$(inherited)",
					"@executable_path/Frameworks",
				);
				PRODUCT_BUNDLE_IDENTIFIER = com.harry.DemoApp;
				PRODUCT_NAME = "$(TARGET_NAME)";
				SWIFT_VERSION = 5.0;
				TARGETED_DEVICE_FAMILY = "1,2";
			};
			name = Debug;
		};
		4AE9D64D22764B4D0094177A /* Release */ = {
			isa = XCBuildConfiguration;
			baseConfigurationReference = E194A2253C6B0BEC46BE1B78 /* Pods-DemoApp.release.xcconfig */;
			buildSettings = {
				ASSETCATALOG_COMPILER_APPICON_NAME = AppIcon;
				CODE_SIGN_STYLE = Automatic;
				DEVELOPMENT_TEAM = HCCWVL286N;
				INFOPLIST_FILE = DemoApp/Info.plist;
				LD_RUNPATH_SEARCH_PATHS = (
					"$(inherited)",
					"@executable_path/Frameworks",
				);
				PRODUCT_BUNDLE_IDENTIFIER = com.harry.DemoApp;
				PRODUCT_NAME = "$(TARGET_NAME)";
				SWIFT_VERSION = 5.0;
				TARGETED_DEVICE_FAMILY = "1,2";
			};
			name = Release;
		};
		4AE9D64F22764B4D0094177A /* Debug */ = {
			isa = XCBuildConfiguration;
			baseConfigurationReference = A2718CB34DDCA0F32CE5A023 /* Pods-DemoAppTests.debug.xcconfig */;
			buildSettings = {
				ALWAYS_EMBED_SWIFT_STANDARD_LIBRARIES = YES;
				BUNDLE_LOADER = "$(TEST_HOST)";
				CODE_SIGN_STYLE = Automatic;
				DEVELOPMENT_TEAM = HCCWVL286N;
				INFOPLIST_FILE = DemoAppTests/Info.plist;
				LD_RUNPATH_SEARCH_PATHS = (
					"$(inherited)",
					"@executable_path/Frameworks",
					"@loader_path/Frameworks",
				);
				PRODUCT_BUNDLE_IDENTIFIER = com.harry.DemoAppTests;
				PRODUCT_NAME = "$(TARGET_NAME)";
				SWIFT_VERSION = 5.0;
				TARGETED_DEVICE_FAMILY = "1,2";
				TEST_HOST = "$(BUILT_PRODUCTS_DIR)/DemoApp.app/DemoApp";
			};
			name = Debug;
		};
		4AE9D65022764B4D0094177A /* Release */ = {
			isa = XCBuildConfiguration;
			baseConfigurationReference = 3C5868C93262FFFBC50D6FB7 /* Pods-DemoAppTests.release.xcconfig */;
			buildSettings = {
				ALWAYS_EMBED_SWIFT_STANDARD_LIBRARIES = YES;
				BUNDLE_LOADER = "$(TEST_HOST)";
				CODE_SIGN_STYLE = Automatic;
				DEVELOPMENT_TEAM = HCCWVL286N;
				INFOPLIST_FILE = DemoAppTests/Info.plist;
				LD_RUNPATH_SEARCH_PATHS = (
					"$(inherited)",
					"@executable_path/Frameworks",
					"@loader_path/Frameworks",
				);
				PRODUCT_BUNDLE_IDENTIFIER = com.harry.DemoAppTests;
				PRODUCT_NAME = "$(TARGET_NAME)";
				SWIFT_VERSION = 5.0;
				TARGETED_DEVICE_FAMILY = "1,2";
				TEST_HOST = "$(BUILT_PRODUCTS_DIR)/DemoApp.app/DemoApp";
			};
			name = Release;
		};
/* End XCBuildConfiguration section */

/* Begin XCConfigurationList section */
		4AE9D62922764B4B0094177A /* Build configuration list for PBXProject "DemoApp" */ = {
			isa = XCConfigurationList;
			buildConfigurations = (
				4AE9D64922764B4D0094177A /* Debug */,
				4AE9D64A22764B4D0094177A /* Release */,
			);
			defaultConfigurationIsVisible = 0;
			defaultConfigurationName = Release;
		};
		4AE9D64B22764B4D0094177A /* Build configuration list for PBXNativeTarget "DemoApp" */ = {
			isa = XCConfigurationList;
			buildConfigurations = (
				4AE9D64C22764B4D0094177A /* Debug */,
				4AE9D64D22764B4D0094177A /* Release */,
			);
			defaultConfigurationIsVisible = 0;
			defaultConfigurationName = Release;
		};
		4AE9D64E22764B4D0094177A /* Build configuration list for PBXNativeTarget "DemoAppTests" */ = {
			isa = XCConfigurationList;
			buildConfigurations = (
				4AE9D64F22764B4D0094177A /* Debug */,
				4AE9D65022764B4D0094177A /* Release */,
			);
			defaultConfigurationIsVisible = 0;
			defaultConfigurationName = Release;
		};
/* End XCConfigurationList section */
	};
	rootObject = 4AE9D62622764B4B0094177A /* Project object */;
}
